{
  "name": "nico-alert",
  "version": "0.1.0",
  "lockfileVersion": 3,
  "requires": true,
  "packages": {
    "": {
      "name": "nico-alert",
      "version": "0.1.0",
      "license": "ISC",
      "devDependencies": {
        "@types/node": "^18.17.3",
        "prettier": "^3.0.1",
        "typescript": "^5.1.6"
      }
    },
    "node_modules/@types/node": {
      "version": "18.17.3",
      "resolved": "https://registry.npmjs.org/@types/node/-/node-18.17.3.tgz",
      "integrity": "sha512-2x8HWtFk0S99zqVQABU9wTpr8wPoaDHZUcAkoTKH+nL7kPv3WUI9cRi/Kk5Mz4xdqXSqTkKP7IWNoQQYCnDsTA==",
      "dev": true
    },
    "node_modules/prettier": {
      "version": "3.0.1",
      "resolved": "https://registry.npmjs.org/prettier/-/prettier-3.0.1.tgz",
      "integrity": "sha512-fcOWSnnpCrovBsmFZIGIy9UqK2FaI7Hqax+DIO0A9UxeVoY4iweyaFjS5TavZN97Hfehph0nhsZnjlVKzEQSrQ==",
      "dev": true,
      "bin": {
        "prettier": "bin/prettier.cjs"
      },
      "engines": {
        "node": ">=14"
      },
      "funding": {
        "url": "https://github.com/prettier/prettier?sponsor=1"
      }
    },
    "node_modules/typescript": {
      "version": "5.1.6",
      "resolved": "https://registry.npmjs.org/typescript/-/typescript-5.1.6.tgz",
      "integrity": "sha512-zaWCozRZ6DLEWAWFrVDz1H6FVXzUSfTy5FUMWsQlU8Ym5JP9eO4xkTIROFCQvhQf61z6O/G6ugw3SgAnvvm+HA==",
      "dev": true,
      "bin": {
        "tsc": "bin/tsc",
        "tsserver": "bin/tsserver"
      },
      "engines": {
        "node": ">=14.17"
      }
    }
  }
}
